
Microsoft Visual Studio Solution File, Format Version 12.00
# Visual Studio 14
VisualStudioVersion = 14.0.25420.1
MinimumVisualStudioVersion = 10.0.40219.1
Project("{FAE04EC0-301F-11D3-BF4B-00C04F79EFBC}") = "WEvent.Android", "WEvent\WEvent.Android\WEvent.Android.csproj", "{7DA17903-AEC7-4DB0-8DD4-1067AD07F29D}"
EndProject
Project("{FAE04EC0-301F-11D3-BF4B-00C04F79EFBC}") = "WEvent", "WEvent\WEvent\WEvent.csproj", "{D1A2C752-6386-4784-AE0C-B536510D00DB}"
EndProject
Project("{FAE04EC0-301F-11D3-BF4B-00C04F79EFBC}") = "WEvent.UWP", "WEvent\WEvent.UWP\WEvent.UWP.csproj", "{478013A8-1D07-4F77-8EF8-A8EB9452E196}"
EndProject
Project("{FAE04EC0-301F-11D3-BF4B-00C04F79EFBC}") = "WEvent.iOS", "WEvent\WEvent.iOS\WEvent.iOS.csproj", "{DC50AB4A-4398-4200-A6FE-E5E2452B58C1}"
EndProject
Global
	GlobalSection(SolutionConfigurationPlatforms) = preSolution
		Ad-Hoc|Any CPU = Ad-Hoc|Any CPU
		Ad-Hoc|ARM = Ad-Hoc|ARM
		Ad-Hoc|iPhone = Ad-Hoc|iPhone
		Ad-Hoc|iPhoneSimulator = Ad-Hoc|iPhoneSimulator
		Ad-Hoc|x64 = Ad-Hoc|x64
		Ad-Hoc|x86 = Ad-Hoc|x86
		AppStore|Any CPU = AppStore|Any CPU
		AppStore|ARM = AppStore|ARM
		AppStore|iPhone = AppStore|iPhone
		AppStore|iPhoneSimulator = AppStore|iPhoneSimulator
		AppStore|x64 = AppStore|x64
		AppStore|x86 = AppStore|x86
		Debug|Any CPU = Debug|Any CPU
		Debug|ARM = Debug|ARM
		Debug|iPhone = Debug|iPhone
		Debug|iPhoneSimulator = Debug|iPhoneSimulator
		Debug|x64 = Debug|x64
		Debug|x86 = Debug|x86
		Release|Any CPU = Release|Any CPU
		Release|ARM = Release|ARM
		Release|iPhone = Release|iPhone
		Release|iPhoneSimulator = Release|iPhoneSimulator
		Release|x64 = Release|x64
		Release|x86 = Release|x86
	EndGlobalSection
	GlobalSection(ProjectConfigurationPlatforms) = postSolution
		{7DA17903-AEC7-4DB0-8DD4-1067AD07F29D}.Ad-Hoc|Any CPU.ActiveCfg = Release|Any CPU
		{7DA17903-AEC7-4DB0-8DD4-1067AD07F29D}.Ad-Hoc|Any CPU.Build.0 = Release|Any CPU
		{7DA17903-AEC7-4DB0-8DD4-1067AD07F29D}.Ad-Hoc|Any CPU.Deploy.0 = Release|Any CPU
		{7DA17903-AEC7-4DB0-8DD4-1067AD07F29D}.Ad-Hoc|ARM.ActiveCfg = Release|Any CPU
		{7DA17903-AEC7-4DB0-8DD4-1067AD07F29D}.Ad-Hoc|ARM.Build.0 = Release|Any CPU
		{7DA17903-AEC7-4DB0-8DD4-1067AD07F29D}.Ad-Hoc|ARM.Deploy.0 = Release|Any CPU
		{7DA17903-AEC7-4DB0-8DD4-1067AD07F29D}.Ad-Hoc|iPhone.ActiveCfg = Release|Any CPU
		{7DA17903-AEC7-4DB0-8DD4-1067AD07F29D}.Ad-Hoc|iPhone.Build.0 = Release|Any CPU
		{7DA17903-AEC7-4DB0-8DD4-1067AD07F29D}.Ad-Hoc|iPhone.Deploy.0 = Release|Any CPU
		{7DA17903-AEC7-4DB0-8DD4-1067AD07F29D}.Ad-Hoc|iPhoneSimulator.ActiveCfg = Release|Any CPU
		{7DA17903-AEC7-4DB0-8DD4-1067AD07F29D}.Ad-Hoc|iPhoneSimulator.Build.0 = Release|Any CPU
		{7DA17903-AEC7-4DB0-8DD4-1067AD07F29D}.Ad-Hoc|iPhoneSimulator.Deploy.0 = Release|Any CPU
		{7DA17903-AEC7-4DB0-8DD4-1067AD07F29D}.Ad-Hoc|x64.ActiveCfg = Release|Any CPU
		{7DA17903-AEC7-4DB0-8DD4-1067AD07F29D}.Ad-Hoc|x64.Build.0 = Release|Any CPU
		{7DA17903-AEC7-4DB0-8DD4-1067AD07F29D}.Ad-Hoc|x64.Deploy.0 = Release|Any CPU
		{7DA17903-AEC7-4DB0-8DD4-1067AD07F29D}.Ad-Hoc|x86.ActiveCfg = Release|Any CPU
		{7DA17903-AEC7-4DB0-8DD4-1067AD07F29D}.Ad-Hoc|x86.Build.0 = Release|Any CPU
		{7DA17903-AEC7-4DB0-8DD4-1067AD07F29D}.Ad-Hoc|x86.Deploy.0 = Release|Any CPU
		{7DA17903-AEC7-4DB0-8DD4-1067AD07F29D}.AppStore|Any CPU.ActiveCfg = Release|Any CPU
		{7DA17903-AEC7-4DB0-8DD4-1067AD07F29D}.AppStore|Any CPU.Build.0 = Release|Any CPU
		{7DA17903-AEC7-4DB0-8DD4-1067AD07F29D}.AppStore|Any CPU.Deploy.0 = Release|Any CPU
		{7DA17903-AEC7-4DB0-8DD4-1067AD07F29D}.AppStore|ARM.ActiveCfg = Release|Any CPU
		{7DA17903-AEC7-4DB0-8DD4-1067AD07F29D}.AppStore|ARM.Build.0 = Release|Any CPU
		{7DA17903-AEC7-4DB0-8DD4-1067AD07F29D}.AppStore|ARM.Deploy.0 = Release|Any CPU
		{7DA17903-AEC7-4DB0-8DD4-1067AD07F29D}.AppStore|iPhone.ActiveCfg = Release|Any CPU
		{7DA17903-AEC7-4DB0-8DD4-1067AD07F29D}.AppStore|iPhone.Build.0 = Release|Any CPU
		{7DA17903-AEC7-4DB0-8DD4-1067AD07F29D}.AppStore|iPhone.Deploy.0 = Release|Any CPU
		{7DA17903-AEC7-4DB0-8DD4-1067AD07F29D}.AppStore|iPhoneSimulator.ActiveCfg = Release|Any CPU
		{7DA17903-AEC7-4DB0-8DD4-1067AD07F29D}.AppStore|iPhoneSimulator.Build.0 = Release|Any CPU
		{7DA17903-AEC7-4DB0-8DD4-1067AD07F29D}.AppStore|iPhoneSimulator.Deploy.0 = Release|Any CPU
		{7DA17903-AEC7-4DB0-8DD4-1067AD07F29D}.AppStore|x64.ActiveCfg = Release|Any CPU
		{7DA17903-AEC7-4DB0-8DD4-1067AD07F29D}.AppStore|x64.Build.0 = Release|Any CPU
		{7DA17903-AEC7-4DB0-8DD4-1067AD07F29D}.AppStore|x64.Deploy.0 = Release|Any CPU
		{7DA17903-AEC7-4DB0-8DD4-1067AD07F29D}.AppStore|x86.ActiveCfg = Release|Any CPU
		{7DA17903-AEC7-4DB0-8DD4-1067AD07F29D}.AppStore|x86.Build.0 = Release|Any CPU
		{7DA17903-AEC7-4DB0-8DD4-1067AD07F29D}.AppStore|x86.Deploy.0 = Release|Any CPU
		{7DA17903-AEC7-4DB0-8DD4-1067AD07F29D}.Debug|Any CPU.ActiveCfg = Debug|Any CPU
		{7DA17903-AEC7-4DB0-8DD4-1067AD07F29D}.Debug|Any CPU.Build.0 = Debug|Any CPU
		{7DA17903-AEC7-4DB0-8DD4-1067AD07F29D}.Debug|Any CPU.Deploy.0 = Debug|Any CPU
		{7DA17903-AEC7-4DB0-8DD4-1067AD07F29D}.Debug|ARM.ActiveCfg = Debug|Any CPU
		{7DA17903-AEC7-4DB0-8DD4-1067AD07F29D}.Debug|ARM.Build.0 = Debug|Any CPU
		{7DA17903-AEC7-4DB0-8DD4-1067AD07F29D}.Debug|ARM.Deploy.0 = Debug|Any CPU
		{7DA17903-AEC7-4DB0-8DD4-1067AD07F29D}.Debug|iPhone.ActiveCfg = Debug|Any CPU
		{7DA17903-AEC7-4DB0-8DD4-1067AD07F29D}.Debug|iPhone.Build.0 = Debug|Any CPU
		{7DA17903-AEC7-4DB0-8DD4-1067AD07F29D}.Debug|iPhone.Deploy.0 = Debug|Any CPU
		{7DA17903-AEC7-4DB0-8DD4-1067AD07F29D}.Debug|iPhoneSimulator.ActiveCfg = Debug|Any CPU
		{7DA17903-AEC7-4DB0-8DD4-1067AD07F29D}.Debug|iPhoneSimulator.Build.0 = Debug|Any CPU
		{7DA17903-AEC7-4DB0-8DD4-1067AD07F29D}.Debug|iPhoneSimulator.Deploy.0 = Debug|Any CPU
		{7DA17903-AEC7-4DB0-8DD4-1067AD07F29D}.Debug|x64.ActiveCfg = Debug|Any CPU
		{7DA17903-AEC7-4DB0-8DD4-1067AD07F29D}.Debug|x64.Build.0 = Debug|Any CPU
		{7DA17903-AEC7-4DB0-8DD4-1067AD07F29D}.Debug|x64.Deploy.0 = Debug|Any CPU
		{7DA17903-AEC7-4DB0-8DD4-1067AD07F29D}.Debug|x86.ActiveCfg = Debug|Any CPU
		{7DA17903-AEC7-4DB0-8DD4-1067AD07F29D}.Debug|x86.Build.0 = Debug|Any CPU
		{7DA17903-AEC7-4DB0-8DD4-1067AD07F29D}.Debug|x86.Deploy.0 = Debug|Any CPU
		{7DA17903-AEC7-4DB0-8DD4-1067AD07F29D}.Release|Any CPU.ActiveCfg = Release|Any CPU
		{7DA17903-AEC7-4DB0-8DD4-1067AD07F29D}.Release|Any CPU.Build.0 = Release|Any CPU
		{7DA17903-AEC7-4DB0-8DD4-1067AD07F29D}.Release|Any CPU.Deploy.0 = Release|Any CPU
		{7DA17903-AEC7-4DB0-8DD4-1067AD07F29D}.Release|ARM.ActiveCfg = Release|Any CPU
		{7DA17903-AEC7-4DB0-8DD4-1067AD07F29D}.Release|ARM.Build.0 = Release|Any CPU
		{7DA17903-AEC7-4DB0-8DD4-1067AD07F29D}.Release|ARM.Deploy.0 = Release|Any CPU
		{7DA17903-AEC7-4DB0-8DD4-1067AD07F29D}.Release|iPhone.ActiveCfg = Release|Any CPU
		{7DA17903-AEC7-4DB0-8DD4-1067AD07F29D}.Release|iPhone.Build.0 = Release|Any CPU
		{7DA17903-AEC7-4DB0-8DD4-1067AD07F29D}.Release|iPhone.Deploy.0 = Release|Any CPU
		{7DA17903-AEC7-4DB0-8DD4-1067AD07F29D}.Release|iPhoneSimulator.ActiveCfg = Release|Any CPU
		{7DA17903-AEC7-4DB0-8DD4-1067AD07F29D}.Release|iPhoneSimulator.Build.0 = Release|Any CPU
		{7DA17903-AEC7-4DB0-8DD4-1067AD07F29D}.Release|iPhoneSimulator.Deploy.0 = Release|Any CPU
		{7DA17903-AEC7-4DB0-8DD4-1067AD07F29D}.Release|x64.ActiveCfg = Release|Any CPU
		{7DA17903-AEC7-4DB0-8DD4-1067AD07F29D}.Release|x64.Build.0 = Release|Any CPU
		{7DA17903-AEC7-4DB0-8DD4-1067AD07F29D}.Release|x64.Deploy.0 = Release|Any CPU
		{7DA17903-AEC7-4DB0-8DD4-1067AD07F29D}.Release|x86.ActiveCfg = Release|Any CPU
		{7DA17903-AEC7-4DB0-8DD4-1067AD07F29D}.Release|x86.Build.0 = Release|Any CPU
		{7DA17903-AEC7-4DB0-8DD4-1067AD07F29D}.Release|x86.Deploy.0 = Release|Any CPU
		{D1A2C752-6386-4784-AE0C-B536510D00DB}.Ad-Hoc|Any CPU.ActiveCfg = Release|Any CPU
		{D1A2C752-6386-4784-AE0C-B536510D00DB}.Ad-Hoc|Any CPU.Build.0 = Release|Any CPU
		{D1A2C752-6386-4784-AE0C-B536510D00DB}.Ad-Hoc|ARM.ActiveCfg = Release|Any CPU
		{D1A2C752-6386-4784-AE0C-B536510D00DB}.Ad-Hoc|ARM.Build.0 = Release|Any CPU
		{D1A2C752-6386-4784-AE0C-B536510D00DB}.Ad-Hoc|iPhone.ActiveCfg = Release|Any CPU
		{D1A2C752-6386-4784-AE0C-B536510D00DB}.Ad-Hoc|iPhone.Build.0 = Release|Any CPU
		{D1A2C752-6386-4784-AE0C-B536510D00DB}.Ad-Hoc|iPhoneSimulator.ActiveCfg = Release|Any CPU
		{D1A2C752-6386-4784-AE0C-B536510D00DB}.Ad-Hoc|iPhoneSimulator.Build.0 = Release|Any CPU
		{D1A2C752-6386-4784-AE0C-B536510D00DB}.Ad-Hoc|x64.ActiveCfg = Release|Any CPU
		{D1A2C752-6386-4784-AE0C-B536510D00DB}.Ad-Hoc|x64.Build.0 = Release|Any CPU
		{D1A2C752-6386-4784-AE0C-B536510D00DB}.Ad-Hoc|x86.ActiveCfg = Release|Any CPU
		{D1A2C752-6386-4784-AE0C-B536510D00DB}.Ad-Hoc|x86.Build.0 = Release|Any CPU
		{D1A2C752-6386-4784-AE0C-B536510D00DB}.AppStore|Any CPU.ActiveCfg = Release|Any CPU
		{D1A2C752-6386-4784-AE0C-B536510D00DB}.AppStore|Any CPU.Build.0 = Release|Any CPU
		{D1A2C752-6386-4784-AE0C-B536510D00DB}.AppStore|ARM.ActiveCfg = Release|Any CPU
		{D1A2C752-6386-4784-AE0C-B536510D00DB}.AppStore|ARM.Build.0 = Release|Any CPU
		{D1A2C752-6386-4784-AE0C-B536510D00DB}.AppStore|iPhone.ActiveCfg = Release|Any CPU
		{D1A2C752-6386-4784-AE0C-B536510D00DB}.AppStore|iPhone.Build.0 = Release|Any CPU
		{D1A2C752-6386-4784-AE0C-B536510D00DB}.AppStore|iPhoneSimulator.ActiveCfg = Release|Any CPU
		{D1A2C752-6386-4784-AE0C-B536510D00DB}.AppStore|iPhoneSimulator.Build.0 = Release|Any CPU
		{D1A2C752-6386-4784-AE0C-B536510D00DB}.AppStore|x64.ActiveCfg = Release|Any CPU
		{D1A2C752-6386-4784-AE0C-B536510D00DB}.AppStore|x64.Build.0 = Release|Any CPU
		{D1A2C752-6386-4784-AE0C-B536510D00DB}.AppStore|x86.ActiveCfg = Release|Any CPU
		{D1A2C752-6386-4784-AE0C-B536510D00DB}.AppStore|x86.Build.0 = Release|Any CPU
		{D1A2C752-6386-4784-AE0C-B536510D00DB}.Debug|Any CPU.ActiveCfg = Debug|Any CPU
		{D1A2C752-6386-4784-AE0C-B536510D00DB}.Debug|Any CPU.Build.0 = Debug|Any CPU
		{D1A2C752-6386-4784-AE0C-B536510D00DB}.Debug|ARM.ActiveCfg = Debug|Any CPU
		{D1A2C752-6386-4784-AE0C-B536510D00DB}.Debug|ARM.Build.0 = Debug|Any CPU
		{D1A2C752-6386-4784-AE0C-B536510D00DB}.Debug|iPhone.ActiveCfg = Debug|Any CPU
		{D1A2C752-6386-4784-AE0C-B536510D00DB}.Debug|iPhone.Build.0 = Debug|Any CPU
		{D1A2C752-6386-4784-AE0C-B536510D00DB}.Debug|iPhoneSimulator.ActiveCfg = Debug|Any CPU
		{D1A2C752-6386-4784-AE0C-B536510D00DB}.Debug|iPhoneSimulator.Build.0 = Debug|Any CPU
		{D1A2C752-6386-4784-AE0C-B536510D00DB}.Debug|x64.ActiveCfg = Debug|Any CPU
		{D1A2C752-6386-4784-AE0C-B536510D00DB}.Debug|x64.Build.0 = Debug|Any CPU
		{D1A2C752-6386-4784-AE0C-B536510D00DB}.Debug|x86.ActiveCfg = Debug|Any CPU
		{D1A2C752-6386-4784-AE0C-B536510D00DB}.Debug|x86.Build.0 = Debug|Any CPU
		{D1A2C752-6386-4784-AE0C-B536510D00DB}.Release|Any CPU.ActiveCfg = Release|Any CPU
		{D1A2C752-6386-4784-AE0C-B536510D00DB}.Release|Any CPU.Build.0 = Release|Any CPU
		{D1A2C752-6386-4784-AE0C-B536510D00DB}.Release|ARM.ActiveCfg = Release|Any CPU
		{D1A2C752-6386-4784-AE0C-B536510D00DB}.Release|ARM.Build.0 = Release|Any CPU
		{D1A2C752-6386-4784-AE0C-B536510D00DB}.Release|iPhone.ActiveCfg = Release|Any CPU
		{D1A2C752-6386-4784-AE0C-B536510D00DB}.Release|iPhone.Build.0 = Release|Any CPU
		{D1A2C752-6386-4784-AE0C-B536510D00DB}.Release|iPhoneSimulator.ActiveCfg = Release|Any CPU
		{D1A2C752-6386-4784-AE0C-B536510D00DB}.Release|iPhoneSimulator.Build.0 = Release|Any CPU
		{D1A2C752-6386-4784-AE0C-B536510D00DB}.Release|x64.ActiveCfg = Release|Any CPU
		{D1A2C752-6386-4784-AE0C-B536510D00DB}.Release|x64.Build.0 = Release|Any CPU
		{D1A2C752-6386-4784-AE0C-B536510D00DB}.Release|x86.ActiveCfg = Release|Any CPU
		{D1A2C752-6386-4784-AE0C-B536510D00DB}.Release|x86.Build.0 = Release|Any CPU
		{478013A8-1D07-4F77-8EF8-A8EB9452E196}.Ad-Hoc|Any CPU.ActiveCfg = Release|x86
		{478013A8-1D07-4F77-8EF8-A8EB9452E196}.Ad-Hoc|Any CPU.Build.0 = Release|x86
		{478013A8-1D07-4F77-8EF8-A8EB9452E196}.Ad-Hoc|Any CPU.Deploy.0 = Release|x86
		{478013A8-1D07-4F77-8EF8-A8EB9452E196}.Ad-Hoc|ARM.ActiveCfg = Release|ARM
		{478013A8-1D07-4F77-8EF8-A8EB9452E196}.Ad-Hoc|ARM.Build.0 = Release|ARM
		{478013A8-1D07-4F77-8EF8-A8EB9452E196}.Ad-Hoc|ARM.Deploy.0 = Release|ARM
		{478013A8-1D07-4F77-8EF8-A8EB9452E196}.Ad-Hoc|iPhone.ActiveCfg = Release|x86
		{478013A8-1D07-4F77-8EF8-A8EB9452E196}.Ad-Hoc|iPhone.Build.0 = Release|x86
		{478013A8-1D07-4F77-8EF8-A8EB9452E196}.Ad-Hoc|iPhone.Deploy.0 = Release|x86
		{478013A8-1D07-4F77-8EF8-A8EB9452E196}.Ad-Hoc|iPhoneSimulator.ActiveCfg = Release|x86
		{478013A8-1D07-4F77-8EF8-A8EB9452E196}.Ad-Hoc|iPhoneSimulator.Build.0 = Release|x86
		{478013A8-1D07-4F77-8EF8-A8EB9452E196}.Ad-Hoc|iPhoneSimulator.Deploy.0 = Release|x86
		{478013A8-1D07-4F77-8EF8-A8EB9452E196}.Ad-Hoc|x64.ActiveCfg = Release|x64
		{478013A8-1D07-4F77-8EF8-A8EB9452E196}.Ad-Hoc|x64.Build.0 = Release|x64
		{478013A8-1D07-4F77-8EF8-A8EB9452E196}.Ad-Hoc|x64.Deploy.0 = Release|x64
		{478013A8-1D07-4F77-8EF8-A8EB9452E196}.Ad-Hoc|x86.ActiveCfg = Release|x86
		{478013A8-1D07-4F77-8EF8-A8EB9452E196}.Ad-Hoc|x86.Build.0 = Release|x86
		{478013A8-1D07-4F77-8EF8-A8EB9452E196}.Ad-Hoc|x86.Deploy.0 = Release|x86
		{478013A8-1D07-4F77-8EF8-A8EB9452E196}.AppStore|Any CPU.ActiveCfg = Release|x86
		{478013A8-1D07-4F77-8EF8-A8EB9452E196}.AppStore|Any CPU.Build.0 = Release|x86
		{478013A8-1D07-4F77-8EF8-A8EB9452E196}.AppStore|Any CPU.Deploy.0 = Release|x86
		{478013A8-1D07-4F77-8EF8-A8EB9452E196}.AppStore|ARM.ActiveCfg = Release|ARM
		{478013A8-1D07-4F77-8EF8-A8EB9452E196}.AppStore|ARM.Build.0 = Release|ARM
		{478013A8-1D07-4F77-8EF8-A8EB9452E196}.AppStore|ARM.Deploy.0 = Release|ARM
		{478013A8-1D07-4F77-8EF8-A8EB9452E196}.AppStore|iPhone.ActiveCfg = Release|x86
		{478013A8-1D07-4F77-8EF8-A8EB9452E196}.AppStore|iPhone.Build.0 = Release|x86
		{478013A8-1D07-4F77-8EF8-A8EB9452E196}.AppStore|iPhone.Deploy.0 = Release|x86
		{478013A8-1D07-4F77-8EF8-A8EB9452E196}.AppStore|iPhoneSimulator.ActiveCfg = Release|x86
		{478013A8-1D07-4F77-8EF8-A8EB9452E196}.AppStore|iPhoneSimulator.Build.0 = Release|x86
		{478013A8-1D07-4F77-8EF8-A8EB9452E196}.AppStore|iPhoneSimulator.Deploy.0 = Release|x86
		{478013A8-1D07-4F77-8EF8-A8EB9452E196}.AppStore|x64.ActiveCfg = Release|x64
		{478013A8-1D07-4F77-8EF8-A8EB9452E196}.AppStore|x64.Build.0 = Release|x64
		{478013A8-1D07-4F77-8EF8-A8EB9452E196}.AppStore|x64.Deploy.0 = Release|x64
		{478013A8-1D07-4F77-8EF8-A8EB9452E196}.AppStore|x86.ActiveCfg = Release|x86
		{478013A8-1D07-4F77-8EF8-A8EB9452E196}.AppStore|x86.Build.0 = Release|x86
		{478013A8-1D07-4F77-8EF8-A8EB9452E196}.AppStore|x86.Deploy.0 = Release|x86
		{478013A8-1D07-4F77-8EF8-A8EB9452E196}.Debug|Any CPU.ActiveCfg = Debug|x86
		{478013A8-1D07-4F77-8EF8-A8EB9452E196}.Debug|Any CPU.Build.0 = Debug|x86
		{478013A8-1D07-4F77-8EF8-A8EB9452E196}.Debug|Any CPU.Deploy.0 = Debug|x86
		{478013A8-1D07-4F77-8EF8-A8EB9452E196}.Debug|ARM.ActiveCfg = Debug|ARM
		{478013A8-1D07-4F77-8EF8-A8EB9452E196}.Debug|ARM.Build.0 = Debug|ARM
		{478013A8-1D07-4F77-8EF8-A8EB9452E196}.Debug|ARM.Deploy.0 = Debug|ARM
		{478013A8-1D07-4F77-8EF8-A8EB9452E196}.Debug|iPhone.ActiveCfg = Debug|x86
		{478013A8-1D07-4F77-8EF8-A8EB9452E196}.Debug|iPhoneSimulator.ActiveCfg = Debug|x86
		{478013A8-1D07-4F77-8EF8-A8EB9452E196}.Debug|x64.ActiveCfg = Debug|x64
		{478013A8-1D07-4F77-8EF8-A8EB9452E196}.Debug|x64.Build.0 = Debug|x64
		{478013A8-1D07-4F77-8EF8-A8EB9452E196}.Debug|x64.Deploy.0 = Debug|x64
		{478013A8-1D07-4F77-8EF8-A8EB9452E196}.Debug|x86.ActiveCfg = Debug|x86
		{478013A8-1D07-4F77-8EF8-A8EB9452E196}.Debug|x86.Build.0 = Debug|x86
		{478013A8-1D07-4F77-8EF8-A8EB9452E196}.Debug|x86.Deploy.0 = Debug|x86
		{478013A8-1D07-4F77-8EF8-A8EB9452E196}.Release|Any CPU.ActiveCfg = Release|x86
		{478013A8-1D07-4F77-8EF8-A8EB9452E196}.Release|ARM.ActiveCfg = Release|ARM
		{478013A8-1D07-4F77-8EF8-A8EB9452E196}.Release|ARM.Build.0 = Release|ARM
		{478013A8-1D07-4F77-8EF8-A8EB9452E196}.Release|ARM.Deploy.0 = Release|ARM
		{478013A8-1D07-4F77-8EF8-A8EB9452E196}.Release|iPhone.ActiveCfg = Release|x86
		{478013A8-1D07-4F77-8EF8-A8EB9452E196}.Release|iPhoneSimulator.ActiveCfg = Release|x86
		{478013A8-1D07-4F77-8EF8-A8EB9452E196}.Release|x64.ActiveCfg = Release|x64
		{478013A8-1D07-4F77-8EF8-A8EB9452E196}.Release|x64.Build.0 = Release|x64
		{478013A8-1D07-4F77-8EF8-A8EB9452E196}.Release|x64.Deploy.0 = Release|x64
		{478013A8-1D07-4F77-8EF8-A8EB9452E196}.Release|x86.ActiveCfg = Release|x86
		{478013A8-1D07-4F77-8EF8-A8EB9452E196}.Release|x86.Build.0 = Release|x86
		{478013A8-1D07-4F77-8EF8-A8EB9452E196}.Release|x86.Deploy.0 = Release|x86
		{DC50AB4A-4398-4200-A6FE-E5E2452B58C1}.Ad-Hoc|Any CPU.ActiveCfg = Ad-Hoc|iPhone
		{DC50AB4A-4398-4200-A6FE-E5E2452B58C1}.Ad-Hoc|ARM.ActiveCfg = Ad-Hoc|iPhone
		{DC50AB4A-4398-4200-A6FE-E5E2452B58C1}.Ad-Hoc|iPhone.ActiveCfg = Ad-Hoc|iPhone
		{DC50AB4A-4398-4200-A6FE-E5E2452B58C1}.Ad-Hoc|iPhone.Build.0 = Ad-Hoc|iPhone
		{DC50AB4A-4398-4200-A6FE-E5E2452B58C1}.Ad-Hoc|iPhoneSimulator.ActiveCfg = Ad-Hoc|iPhoneSimulator
		{DC50AB4A-4398-4200-A6FE-E5E2452B58C1}.Ad-Hoc|iPhoneSimulator.Build.0 = Ad-Hoc|iPhoneSimulator
		{DC50AB4A-4398-4200-A6FE-E5E2452B58C1}.Ad-Hoc|x64.ActiveCfg = Ad-Hoc|iPhone
		{DC50AB4A-4398-4200-A6FE-E5E2452B58C1}.Ad-Hoc|x86.ActiveCfg = Ad-Hoc|iPhone
		{DC50AB4A-4398-4200-A6FE-E5E2452B58C1}.AppStore|Any CPU.ActiveCfg = AppStore|iPhone
		{DC50AB4A-4398-4200-A6FE-E5E2452B58C1}.AppStore|ARM.ActiveCfg = AppStore|iPhone
		{DC50AB4A-4398-4200-A6FE-E5E2452B58C1}.AppStore|iPhone.ActiveCfg = AppStore|iPhone
		{DC50AB4A-4398-4200-A6FE-E5E2452B58C1}.AppStore|iPhone.Build.0 = AppStore|iPhone
		{DC50AB4A-4398-4200-A6FE-E5E2452B58C1}.AppStore|iPhoneSimulator.ActiveCfg = AppStore|iPhoneSimulator
		{DC50AB4A-4398-4200-A6FE-E5E2452B58C1}.AppStore|iPhoneSimulator.Build.0 = AppStore|iPhoneSimulator
		{DC50AB4A-4398-4200-A6FE-E5E2452B58C1}.AppStore|x64.ActiveCfg = AppStore|iPhone
		{DC50AB4A-4398-4200-A6FE-E5E2452B58C1}.AppStore|x86.ActiveCfg = AppStore|iPhone
		{DC50AB4A-4398-4200-A6FE-E5E2452B58C1}.Debug|Any CPU.ActiveCfg = Debug|iPhone
		{DC50AB4A-4398-4200-A6FE-E5E2452B58C1}.Debug|ARM.ActiveCfg = Debug|iPhone
		{DC50AB4A-4398-4200-A6FE-E5E2452B58C1}.Debug|iPhone.ActiveCfg = Debug|iPhone
		{DC50AB4A-4398-4200-A6FE-E5E2452B58C1}.Debug|iPhone.Build.0 = Debug|iPhone
		{DC50AB4A-4398-4200-A6FE-E5E2452B58C1}.Debug|iPhoneSimulator.ActiveCfg = Debug|iPhoneSimulator
		{DC50AB4A-4398-4200-A6FE-E5E2452B58C1}.Debug|iPhoneSimulator.Build.0 = Debug|iPhoneSimulator
		{DC50AB4A-4398-4200-A6FE-E5E2452B58C1}.Debug|x64.ActiveCfg = Debug|iPhone
		{DC50AB4A-4398-4200-A6FE-E5E2452B58C1}.Debug|x86.ActiveCfg = Debug|iPhone
		{DC50AB4A-4398-4200-A6FE-E5E2452B58C1}.Release|Any CPU.ActiveCfg = Release|iPhone
		{DC50AB4A-4398-4200-A6FE-E5E2452B58C1}.Release|ARM.ActiveCfg = Release|iPhone
		{DC50AB4A-4398-4200-A6FE-E5E2452B58C1}.Release|iPhone.ActiveCfg = Release|iPhone
		{DC50AB4A-4398-4200-A6FE-E5E2452B58C1}.Release|iPhone.Build.0 = Release|iPhone
		{DC50AB4A-4398-4200-A6FE-E5E2452B58C1}.Release|iPhoneSimulator.ActiveCfg = Release|iPhoneSimulator
		{DC50AB4A-4398-4200-A6FE-E5E2452B58C1}.Release|iPhoneSimulator.Build.0 = Release|iPhoneSimulator
		{DC50AB4A-4398-4200-A6FE-E5E2452B58C1}.Release|x64.ActiveCfg = Release|iPhone
		{DC50AB4A-4398-4200-A6FE-E5E2452B58C1}.Release|x86.ActiveCfg = Release|iPhone
	EndGlobalSection
	GlobalSection(SolutionProperties) = preSolution
		HideSolutionNode = FALSE
	EndGlobalSection
EndGlobal
